
Microsoft Visual Studio Solution File, Format Version 12.00
# Visual Studio Version 16
VisualStudioVersion = 16.0.31624.102
MinimumVisualStudioVersion = 10.0.40219.1
Project("{FAE04EC0-301F-11D3-BF4B-00C04F79EFBC}") = "HirmudeMaja", "HirmudeMaja\HirmudeMaja.csproj", "{4DDD4C97-0695-4023-B26E-43E24AD8551A}"
EndProject
Global
	GlobalSection(SolutionConfigurationPlatforms) = preSolution
		Debug|Any CPU = Debug|Any CPU
		Release|Any CPU = Release|Any CPU
	EndGlobalSection
	GlobalSection(ProjectConfigurationPlatforms) = postSolution
		{4DDD4C97-0695-4023-B26E-43E24AD8551A}.Debug|Any CPU.ActiveCfg = Debug|Any CPU
		{4DDD4C97-0695-4023-B26E-43E24AD8551A}.Debug|Any CPU.Build.0 = Debug|Any CPU
		{4DDD4C97-0695-4023-B26E-43E24AD8551A}.Release|Any CPU.ActiveCfg = Release|Any CPU
		{4DDD4C97-0695-4023-B26E-43E24AD8551A}.Release|Any CPU.Build.0 = Release|Any CPU
	EndGlobalSection
	GlobalSection(SolutionProperties) = preSolution
		HideSolutionNode = FALSE
	EndGlobalSection
	GlobalSection(ExtensibilityGlobals) = postSolution
		SolutionGuid = {23EAF4E9-1ACD-448A-ABCF-8A687A08174F}
	EndGlobalSection
EndGlobal
